Microsoft Visual Studio Solution File, Format Version 12.00
# Visual Studio Version 17
VisualStudioVersion = 17.0.31903.59
MinimumVisualStudioVersion = 10.0.40219.1
Project("{9A19103F-16F7-4668-BE54-9A1E7A4F7556}") = "VoiceLite", "VoiceLite\VoiceLite.csproj", "{A5B9E8D7-4B3C-4A8D-9E2F-6C1D8A9B7F3E}"
EndProject
Project("{9A19103F-16F7-4668-BE54-9A1E7A4F7556}") = "VoiceLite.Tests", "VoiceLite.Tests\VoiceLite.Tests.csproj", "{B6C9F9E8-5C4D-5B9E-0F3G-7D2E9B0C8G4F}"
EndProject
Global
	GlobalSection(SolutionConfigurationPlatforms) = preSolution
		Debug|Any CPU = Debug|Any CPU
		Release|Any CPU = Release|Any CPU
	EndGlobalSection
	GlobalSection(ProjectConfigurationPlatforms) = postSolution
		{A5B9E8D7-4B3C-4A8D-9E2F-6C1D8A9B7F3E}.Debug|Any CPU.ActiveCfg = Debug|Any CPU
		{A5B9E8D7-4B3C-4A8D-9E2F-6C1D8A9B7F3E}.Debug|Any CPU.Build.0 = Debug|Any CPU
		{A5B9E8D7-4B3C-4A8D-9E2F-6C1D8A9B7F3E}.Release|Any CPU.ActiveCfg = Release|Any CPU
		{A5B9E8D7-4B3C-4A8D-9E2F-6C1D8A9B7F3E}.Release|Any CPU.Build.0 = Release|Any CPU
		{B6C9F9E8-5C4D-5B9E-0F3G-7D2E9B0C8G4F}.Debug|Any CPU.ActiveCfg = Debug|Any CPU
		{B6C9F9E8-5C4D-5B9E-0F3G-7D2E9B0C8G4F}.Debug|Any CPU.Build.0 = Debug|Any CPU
		{B6C9F9E8-5C4D-5B9E-0F3G-7D2E9B0C8G4F}.Release|Any CPU.ActiveCfg = Release|Any CPU
		{B6C9F9E8-5C4D-5B9E-0F3G-7D2E9B0C8G4F}.Release|Any CPU.Build.0 = Release|Any CPU
	EndGlobalSection
	GlobalSection(SolutionProperties) = preSolution
		HideSolutionNode = FALSE
	EndGlobalSection
EndGlobal